
Microsoft Visual Studio Solution File, Format Version 12.00
# Visual Studio Version 16
VisualStudioVersion = 16.0.29403.142
MinimumVisualStudioVersion = 10.0.40219.1
Project("{FAE04EC0-301F-11D3-BF4B-00C04F79EFBC}") = "lr12", "lr12.csproj", "{879E3CA1-6103-4B63-9B7D-A25B8FA04232}"
EndProject
Global
	GlobalSection(SolutionConfigurationPlatforms) = preSolution
		Debug|Any CPU = Debug|Any CPU
		Release|Any CPU = Release|Any CPU
	EndGlobalSection
	GlobalSection(ProjectConfigurationPlatforms) = postSolution
		{879E3CA1-6103-4B63-9B7D-A25B8FA04232}.Debug|Any CPU.ActiveCfg = Debug|Any CPU
		{879E3CA1-6103-4B63-9B7D-A25B8FA04232}.Debug|Any CPU.Build.0 = Debug|Any CPU
		{879E3CA1-6103-4B63-9B7D-A25B8FA04232}.Release|Any CPU.ActiveCfg = Release|Any CPU
		{879E3CA1-6103-4B63-9B7D-A25B8FA04232}.Release|Any CPU.Build.0 = Release|Any CPU
	EndGlobalSection
	GlobalSection(SolutionProperties) = preSolution
		HideSolutionNode = FALSE
	EndGlobalSection
	GlobalSection(ExtensibilityGlobals) = postSolution
		SolutionGuid = {84D58DE9-0D76-4269-AE03-A7E21D93E466}
	EndGlobalSection
EndGlobal
