
Microsoft Visual Studio Solution File, Format Version 12.00
# Visual Studio Version 16
VisualStudioVersion = 16.0.29001.49
MinimumVisualStudioVersion = 10.0.40219.1
Project("{9A19103F-16F7-4668-BE54-9A1E7A4F7556}") = "Lab-1", "Lab-1\Lab-1.csproj", "{45713121-DDC7-4BDC-8F4B-D700CB82C4FB}"
EndProject
Project("{9A19103F-16F7-4668-BE54-9A1E7A4F7556}") = "Lab-2", "Lab-2\Lab-2.csproj", "{29B010E0-98E0-44B8-BC64-36AC8AD12149}"
EndProject
Project("{9A19103F-16F7-4668-BE54-9A1E7A4F7556}") = "Lab-3", "Lab-3\Lab-3.csproj", "{28FC4CFF-84E9-41E6-B063-87DD47FDF005}"
EndProject
Project("{9A19103F-16F7-4668-BE54-9A1E7A4F7556}") = "Lab-4", "Lab-4\Lab-4.csproj", "{39E6E05A-F249-4A71-B6B3-E7FBCB91164F}"
EndProject
Project("{9A19103F-16F7-4668-BE54-9A1E7A4F7556}") = "Lab-5", "Lab-5\Lab-5.csproj", "{4E6380D4-269E-4AF6-A8D4-7D7409F87417}"
EndProject
Project("{9A19103F-16F7-4668-BE54-9A1E7A4F7556}") = "Lab06Lib", "Lab06Lib\Lab06Lib.csproj", "{B22CB5F8-AF48-42F4-A690-CABFF0EE4A2F}"
EndProject
Project("{9A19103F-16F7-4668-BE54-9A1E7A4F7556}") = "Lab-6", "Lab-6\Lab-6.csproj", "{9D77388D-93B1-4B98-B2EA-F1DC7493B370}"
EndProject
Global
	GlobalSection(SolutionConfigurationPlatforms) = preSolution
		Debug|Any CPU = Debug|Any CPU
		Debug|x64 = Debug|x64
		Debug|x86 = Debug|x86
		Release|Any CPU = Release|Any CPU
		Release|x64 = Release|x64
		Release|x86 = Release|x86
	EndGlobalSection
	GlobalSection(ProjectConfigurationPlatforms) = postSolution
		{45713121-DDC7-4BDC-8F4B-D700CB82C4FB}.Debug|Any CPU.ActiveCfg = Debug|Any CPU
		{45713121-DDC7-4BDC-8F4B-D700CB82C4FB}.Debug|Any CPU.Build.0 = Debug|Any CPU
		{45713121-DDC7-4BDC-8F4B-D700CB82C4FB}.Debug|x64.ActiveCfg = Debug|Any CPU
		{45713121-DDC7-4BDC-8F4B-D700CB82C4FB}.Debug|x64.Build.0 = Debug|Any CPU
		{45713121-DDC7-4BDC-8F4B-D700CB82C4FB}.Debug|x86.ActiveCfg = Debug|Any CPU
		{45713121-DDC7-4BDC-8F4B-D700CB82C4FB}.Debug|x86.Build.0 = Debug|Any CPU
		{45713121-DDC7-4BDC-8F4B-D700CB82C4FB}.Release|Any CPU.ActiveCfg = Release|Any CPU
		{45713121-DDC7-4BDC-8F4B-D700CB82C4FB}.Release|Any CPU.Build.0 = Release|Any CPU
		{45713121-DDC7-4BDC-8F4B-D700CB82C4FB}.Release|x64.ActiveCfg = Release|Any CPU
		{45713121-DDC7-4BDC-8F4B-D700CB82C4FB}.Release|x64.Build.0 = Release|Any CPU
		{45713121-DDC7-4BDC-8F4B-D700CB82C4FB}.Release|x86.ActiveCfg = Release|Any CPU
		{45713121-DDC7-4BDC-8F4B-D700CB82C4FB}.Release|x86.Build.0 = Release|Any CPU
		{29B010E0-98E0-44B8-BC64-36AC8AD12149}.Debug|Any CPU.ActiveCfg = Debug|Any CPU
		{29B010E0-98E0-44B8-BC64-36AC8AD12149}.Debug|Any CPU.Build.0 = Debug|Any CPU
		{29B010E0-98E0-44B8-BC64-36AC8AD12149}.Debug|x64.ActiveCfg = Debug|Any CPU
		{29B010E0-98E0-44B8-BC64-36AC8AD12149}.Debug|x64.Build.0 = Debug|Any CPU
		{29B010E0-98E0-44B8-BC64-36AC8AD12149}.Debug|x86.ActiveCfg = Debug|Any CPU
		{29B010E0-98E0-44B8-BC64-36AC8AD12149}.Debug|x86.Build.0 = Debug|Any CPU
		{29B010E0-98E0-44B8-BC64-36AC8AD12149}.Release|Any CPU.ActiveCfg = Release|Any CPU
		{29B010E0-98E0-44B8-BC64-36AC8AD12149}.Release|Any CPU.Build.0 = Release|Any CPU
		{29B010E0-98E0-44B8-BC64-36AC8AD12149}.Release|x64.ActiveCfg = Release|Any CPU
		{29B010E0-98E0-44B8-BC64-36AC8AD12149}.Release|x64.Build.0 = Release|Any CPU
		{29B010E0-98E0-44B8-BC64-36AC8AD12149}.Release|x86.ActiveCfg = Release|Any CPU
		{29B010E0-98E0-44B8-BC64-36AC8AD12149}.Release|x86.Build.0 = Release|Any CPU
		{28FC4CFF-84E9-41E6-B063-87DD47FDF005}.Debug|Any CPU.ActiveCfg = Debug|Any CPU
		{28FC4CFF-84E9-41E6-B063-87DD47FDF005}.Debug|Any CPU.Build.0 = Debug|Any CPU
		{28FC4CFF-84E9-41E6-B063-87DD47FDF005}.Debug|x64.ActiveCfg = Debug|Any CPU
		{28FC4CFF-84E9-41E6-B063-87DD47FDF005}.Debug|x64.Build.0 = Debug|Any CPU
		{28FC4CFF-84E9-41E6-B063-87DD47FDF005}.Debug|x86.ActiveCfg = Debug|Any CPU
		{28FC4CFF-84E9-41E6-B063-87DD47FDF005}.Debug|x86.Build.0 = Debug|Any CPU
		{28FC4CFF-84E9-41E6-B063-87DD47FDF005}.Release|Any CPU.ActiveCfg = Release|Any CPU
		{28FC4CFF-84E9-41E6-B063-87DD47FDF005}.Release|Any CPU.Build.0 = Release|Any CPU
		{28FC4CFF-84E9-41E6-B063-87DD47FDF005}.Release|x64.ActiveCfg = Release|Any CPU
		{28FC4CFF-84E9-41E6-B063-87DD47FDF005}.Release|x64.Build.0 = Release|Any CPU
		{28FC4CFF-84E9-41E6-B063-87DD47FDF005}.Release|x86.ActiveCfg = Release|Any CPU
		{28FC4CFF-84E9-41E6-B063-87DD47FDF005}.Release|x86.Build.0 = Release|Any CPU
		{39E6E05A-F249-4A71-B6B3-E7FBCB91164F}.Debug|Any CPU.ActiveCfg = Debug|Any CPU
		{39E6E05A-F249-4A71-B6B3-E7FBCB91164F}.Debug|Any CPU.Build.0 = Debug|Any CPU
		{39E6E05A-F249-4A71-B6B3-E7FBCB91164F}.Debug|x64.ActiveCfg = Debug|Any CPU
		{39E6E05A-F249-4A71-B6B3-E7FBCB91164F}.Debug|x64.Build.0 = Debug|Any CPU
		{39E6E05A-F249-4A71-B6B3-E7FBCB91164F}.Debug|x86.ActiveCfg = Debug|Any CPU
		{39E6E05A-F249-4A71-B6B3-E7FBCB91164F}.Debug|x86.Build.0 = Debug|Any CPU
		{39E6E05A-F249-4A71-B6B3-E7FBCB91164F}.Release|Any CPU.ActiveCfg = Release|Any CPU
		{39E6E05A-F249-4A71-B6B3-E7FBCB91164F}.Release|Any CPU.Build.0 = Release|Any CPU
		{39E6E05A-F249-4A71-B6B3-E7FBCB91164F}.Release|x64.ActiveCfg = Release|Any CPU
		{39E6E05A-F249-4A71-B6B3-E7FBCB91164F}.Release|x64.Build.0 = Release|Any CPU
		{39E6E05A-F249-4A71-B6B3-E7FBCB91164F}.Release|x86.ActiveCfg = Release|Any CPU
		{39E6E05A-F249-4A71-B6B3-E7FBCB91164F}.Release|x86.Build.0 = Release|Any CPU
		{4E6380D4-269E-4AF6-A8D4-7D7409F87417}.Debug|Any CPU.ActiveCfg = Debug|Any CPU
		{4E6380D4-269E-4AF6-A8D4-7D7409F87417}.Debug|Any CPU.Build.0 = Debug|Any CPU
		{4E6380D4-269E-4AF6-A8D4-7D7409F87417}.Debug|x64.ActiveCfg = Debug|Any CPU
		{4E6380D4-269E-4AF6-A8D4-7D7409F87417}.Debug|x64.Build.0 = Debug|Any CPU
		{4E6380D4-269E-4AF6-A8D4-7D7409F87417}.Debug|x86.ActiveCfg = Debug|Any CPU
		{4E6380D4-269E-4AF6-A8D4-7D7409F87417}.Debug|x86.Build.0 = Debug|Any CPU
		{4E6380D4-269E-4AF6-A8D4-7D7409F87417}.Release|Any CPU.ActiveCfg = Release|Any CPU
		{4E6380D4-269E-4AF6-A8D4-7D7409F87417}.Release|Any CPU.Build.0 = Release|Any CPU
		{4E6380D4-269E-4AF6-A8D4-7D7409F87417}.Release|x64.ActiveCfg = Release|Any CPU
		{4E6380D4-269E-4AF6-A8D4-7D7409F87417}.Release|x64.Build.0 = Release|Any CPU
		{4E6380D4-269E-4AF6-A8D4-7D7409F87417}.Release|x86.ActiveCfg = Release|Any CPU
		{4E6380D4-269E-4AF6-A8D4-7D7409F87417}.Release|x86.Build.0 = Release|Any CPU
		{B22CB5F8-AF48-42F4-A690-CABFF0EE4A2F}.Debug|Any CPU.ActiveCfg = Debug|Any CPU
		{B22CB5F8-AF48-42F4-A690-CABFF0EE4A2F}.Debug|Any CPU.Build.0 = Debug|Any CPU
		{B22CB5F8-AF48-42F4-A690-CABFF0EE4A2F}.Debug|x64.ActiveCfg = Debug|Any CPU
		{B22CB5F8-AF48-42F4-A690-CABFF0EE4A2F}.Debug|x64.Build.0 = Debug|Any CPU
		{B22CB5F8-AF48-42F4-A690-CABFF0EE4A2F}.Debug|x86.ActiveCfg = Debug|Any CPU
		{B22CB5F8-AF48-42F4-A690-CABFF0EE4A2F}.Debug|x86.Build.0 = Debug|Any CPU
		{B22CB5F8-AF48-42F4-A690-CABFF0EE4A2F}.Release|Any CPU.ActiveCfg = Release|Any CPU
		{B22CB5F8-AF48-42F4-A690-CABFF0EE4A2F}.Release|Any CPU.Build.0 = Release|Any CPU
		{B22CB5F8-AF48-42F4-A690-CABFF0EE4A2F}.Release|x64.ActiveCfg = Release|Any CPU
		{B22CB5F8-AF48-42F4-A690-CABFF0EE4A2F}.Release|x64.Build.0 = Release|Any CPU
		{B22CB5F8-AF48-42F4-A690-CABFF0EE4A2F}.Release|x86.ActiveCfg = Release|Any CPU
		{B22CB5F8-AF48-42F4-A690-CABFF0EE4A2F}.Release|x86.Build.0 = Release|Any CPU
		{9D77388D-93B1-4B98-B2EA-F1DC7493B370}.Debug|Any CPU.ActiveCfg = Debug|Any CPU
		{9D77388D-93B1-4B98-B2EA-F1DC7493B370}.Debug|Any CPU.Build.0 = Debug|Any CPU
		{9D77388D-93B1-4B98-B2EA-F1DC7493B370}.Debug|x64.ActiveCfg = Debug|Any CPU
		{9D77388D-93B1-4B98-B2EA-F1DC7493B370}.Debug|x64.Build.0 = Debug|Any CPU
		{9D77388D-93B1-4B98-B2EA-F1DC7493B370}.Debug|x86.ActiveCfg = Debug|Any CPU
		{9D77388D-93B1-4B98-B2EA-F1DC7493B370}.Debug|x86.Build.0 = Debug|Any CPU
		{9D77388D-93B1-4B98-B2EA-F1DC7493B370}.Release|Any CPU.ActiveCfg = Release|Any CPU
		{9D77388D-93B1-4B98-B2EA-F1DC7493B370}.Release|Any CPU.Build.0 = Release|Any CPU
		{9D77388D-93B1-4B98-B2EA-F1DC7493B370}.Release|x64.ActiveCfg = Release|Any CPU
		{9D77388D-93B1-4B98-B2EA-F1DC7493B370}.Release|x64.Build.0 = Release|Any CPU
		{9D77388D-93B1-4B98-B2EA-F1DC7493B370}.Release|x86.ActiveCfg = Release|Any CPU
		{9D77388D-93B1-4B98-B2EA-F1DC7493B370}.Release|x86.Build.0 = Release|Any CPU
	EndGlobalSection
	GlobalSection(SolutionProperties) = preSolution
		HideSolutionNode = FALSE
	EndGlobalSection
	GlobalSection(ExtensibilityGlobals) = postSolution
		SolutionGuid = {72A5FD0D-D8CA-4781-B34F-5518941A1DEF}
	EndGlobalSection
EndGlobal
